
Microsoft Visual Studio Solution File, Format Version 12.00
# Visual Studio Version 16
VisualStudioVersion = 16.0.31129.286
MinimumVisualStudioVersion = 10.0.40219.1
Project("{8BC9CEB8-8B4A-11D0-8D11-00A0C91BC942}") = "Git10_sumple", "Git10_sumple.vcxproj", "{5639D7A0-390E-4556-9B78-1D9AB9F23315}"
EndProject
Global
	GlobalSection(SolutionConfigurationPlatforms) = preSolution
		Debug|x64 = Debug|x64
		Debug|x86 = Debug|x86
		Release|x64 = Release|x64
		Release|x86 = Release|x86
	EndGlobalSection
	GlobalSection(ProjectConfigurationPlatforms) = postSolution
		{5639D7A0-390E-4556-9B78-1D9AB9F23315}.Debug|x64.ActiveCfg = Debug|x64
		{5639D7A0-390E-4556-9B78-1D9AB9F23315}.Debug|x64.Build.0 = Debug|x64
		{5639D7A0-390E-4556-9B78-1D9AB9F23315}.Debug|x86.ActiveCfg = Debug|Win32
		{5639D7A0-390E-4556-9B78-1D9AB9F23315}.Debug|x86.Build.0 = Debug|Win32
		{5639D7A0-390E-4556-9B78-1D9AB9F23315}.Release|x64.ActiveCfg = Release|x64
		{5639D7A0-390E-4556-9B78-1D9AB9F23315}.Release|x64.Build.0 = Release|x64
		{5639D7A0-390E-4556-9B78-1D9AB9F23315}.Release|x86.ActiveCfg = Release|Win32
		{5639D7A0-390E-4556-9B78-1D9AB9F23315}.Release|x86.Build.0 = Release|Win32
	EndGlobalSection
	GlobalSection(SolutionProperties) = preSolution
		HideSolutionNode = FALSE
	EndGlobalSection
	GlobalSection(ExtensibilityGlobals) = postSolution
		SolutionGuid = {D388B029-B2BA-4663-BE43-8DBC5DA28028}
	EndGlobalSection
EndGlobal
